// !$*UTF8*$!
{
	archiveVersion = 1;
	classes = {
	};
	objectVersion = 77;
	objects = {

/* Begin PBXBuildFile section */
		2D089C762D566D300055D81C /* NetworkExtension.framework in Frameworks */ = {isa = PBXBuildFile; fileRef = 2DC279062D4B79EF00406AAA /* NetworkExtension.framework */; };
		2D089C772D566D440055D81C /* VPNTunnelProvider.appex in Embed Foundation Extensions */ = {isa = PBXBuildFile; fileRef = 2DC279042D4B79EF00406AAA /* VPNTunnelProvider.appex */; settings = {ATTRIBUTES = (RemoveHeadersOnCopy, ); }; };
		2D089C7D2D566D700055D81C /* Network.framework in Frameworks */ = {isa = PBXBuildFile; fileRef = 2D089BE32D5663E50055D81C /* Network.framework */; };
		2D089C7E2D566D7D0055D81C /* NetworkExtension.framework in Frameworks */ = {isa = PBXBuildFile; fileRef = 2DC279062D4B79EF00406AAA /* NetworkExtension.framework */; };
		2D089C7F2D566D870055D81C /* Network.framework in Frameworks */ = {isa = PBXBuildFile; fileRef = 2D089BE32D5663E50055D81C /* Network.framework */; };
		2D09C7082D5903620064FC7A /* SingBox.xcframework in Frameworks */ = {isa = PBXBuildFile; fileRef = 2D09C7072D5903620064FC7A /* SingBox.xcframework */; };
		2D09C7092D5903620064FC7A /* SingBox.xcframework in Frameworks */ = {isa = PBXBuildFile; fileRef = 2D09C7072D5903620064FC7A /* SingBox.xcframework */; };
		2D763A042D54E5B100C739A5 /* Logger.swift in Sources */ = {isa = PBXBuildFile; fileRef = 2D763A032D54E5B100C739A5 /* Logger.swift */; };
		2D763A052D54E5B100C739A5 /* Logger.swift in Sources */ = {isa = PBXBuildFile; fileRef = 2D763A032D54E5B100C739A5 /* Logger.swift */; };
		2D90FDB32D54C49600846D1C /* Constants.swift in Sources */ = {isa = PBXBuildFile; fileRef = 2D90FDB22D54C49600846D1C /* Constants.swift */; };
		2D90FDB42D54C4DE00846D1C /* Constants.swift in Sources */ = {isa = PBXBuildFile; fileRef = 2D90FDB22D54C49600846D1C /* Constants.swift */; };
		2D90FDB62D54C86400846D1C /* ConnectionStats.swift in Sources */ = {isa = PBXBuildFile; fileRef = 2D90FDB52D54C86400846D1C /* ConnectionStats.swift */; };
		2D90FDB72D54C86400846D1C /* ConnectionStats.swift in Sources */ = {isa = PBXBuildFile; fileRef = 2D90FDB52D54C86400846D1C /* ConnectionStats.swift */; };
/* End PBXBuildFile section */

/* Begin PBXContainerItemProxy section */
		2D089C782D566D440055D81C /* PBXContainerItemProxy */ = {
			isa = PBXContainerItemProxy;
			containerPortal = 2DC278DC2D4B725200406AAA /* Project object */;
			proxyType = 1;
			remoteGlobalIDString = 2DC279032D4B79EF00406AAA;
			remoteInfo = VPNTunnelProvider;
		};
		2D089C7B2D566D500055D81C /* PBXContainerItemProxy */ = {
			isa = PBXContainerItemProxy;
			containerPortal = 2DC278DC2D4B725200406AAA /* Project object */;
			proxyType = 1;
			remoteGlobalIDString = 2DC279032D4B79EF00406AAA;
			remoteInfo = VPNTunnelProvider;
		};
/* End PBXContainerItemProxy section */

/* Begin PBXCopyFilesBuildPhase section */
		2D089C7A2D566D440055D81C /* Embed Foundation Extensions */ = {
			isa = PBXCopyFilesBuildPhase;
			buildActionMask = 2147483647;
			dstPath = "";
			dstSubfolderSpec = 13;
			files = (
				2D089C772D566D440055D81C /* VPNTunnelProvider.appex in Embed Foundation Extensions */,
			);
			name = "Embed Foundation Extensions";
			runOnlyForDeploymentPostprocessing = 0;
		};
/* End PBXCopyFilesBuildPhase section */

/* Begin PBXFileReference section */
		2D089BE32D5663E50055D81C /* Network.framework */ = {isa = PBXFileReference; lastKnownFileType = wrapper.framework; name = Network.framework; path = System/Library/Frameworks/Network.framework; sourceTree = SDKROOT; };
		2D09C7072D5903620064FC7A /* SingBox.xcframework */ = {isa = PBXFileReference; lastKnownFileType = wrapper.xcframework; path = SingBox.xcframework; sourceTree = "<group>"; };
		2D763A032D54E5B100C739A5 /* Logger.swift */ = {isa = PBXFileReference; lastKnownFileType = sourcecode.swift; path = Logger.swift; sourceTree = "<group>"; };
		2D90FDB22D54C49600846D1C /* Constants.swift */ = {isa = PBXFileReference; lastKnownFileType = sourcecode.swift; path = Constants.swift; sourceTree = "<group>"; };
		2D90FDB52D54C86400846D1C /* ConnectionStats.swift */ = {isa = PBXFileReference; lastKnownFileType = sourcecode.swift; path = ConnectionStats.swift; sourceTree = "<group>"; };
		2DC278E42D4B725200406AAA /* VPN Shiva.app */ = {isa = PBXFileReference; explicitFileType = wrapper.application; includeInIndex = 0; path = "VPN Shiva.app"; sourceTree = BUILT_PRODUCTS_DIR; };
		2DC279042D4B79EF00406AAA /* VPNTunnelProvider.appex */ = {isa = PBXFileReference; explicitFileType = "wrapper.app-extension"; includeInIndex = 0; path = VPNTunnelProvider.appex; sourceTree = BUILT_PRODUCTS_DIR; };
		2DC279062D4B79EF00406AAA /* NetworkExtension.framework */ = {isa = PBXFileReference; lastKnownFileType = wrapper.framework; name = NetworkExtension.framework; path = System/Library/Frameworks/NetworkExtension.framework; sourceTree = SDKROOT; };
/* End PBXFileReference section */

/* Begin PBXFileSystemSynchronizedBuildFileExceptionSet section */
		2DC279102D4B79EF00406AAA /* Exceptions for "VPNTunnelProvider" folder in "VPNTunnelProvider" target */ = {
			isa = PBXFileSystemSynchronizedBuildFileExceptionSet;
			membershipExceptions = (
				Info.plist,
			);
			target = 2DC279032D4B79EF00406AAA /* VPNTunnelProvider */;
		};
/* End PBXFileSystemSynchronizedBuildFileExceptionSet section */

/* Begin PBXFileSystemSynchronizedRootGroup section */
		2DC278E62D4B725200406AAA /* VPN Shiva */ = {
			isa = PBXFileSystemSynchronizedRootGroup;
			path = "VPN Shiva";
			sourceTree = "<group>";
		};
		2DC279082D4B79EF00406AAA /* VPNTunnelProvider */ = {
			isa = PBXFileSystemSynchronizedRootGroup;
			exceptions = (
				2DC279102D4B79EF00406AAA /* Exceptions for "VPNTunnelProvider" folder in "VPNTunnelProvider" target */,
			);
			path = VPNTunnelProvider;
			sourceTree = "<group>";
		};
/* End PBXFileSystemSynchronizedRootGroup section */

/* Begin PBXFrameworksBuildPhase section */
		2DC278E12D4B725200406AAA /* Frameworks */ = {
			isa = PBXFrameworksBuildPhase;
			buildActionMask = 2147483647;
			files = (
				2D089C762D566D300055D81C /* NetworkExtension.framework in Frameworks */,
				2D09C7082D5903620064FC7A /* SingBox.xcframework in Frameworks */,
				2D089C7D2D566D700055D81C /* Network.framework in Frameworks */,
			);
			runOnlyForDeploymentPostprocessing = 0;
		};
		2DC279012D4B79EF00406AAA /* Frameworks */ = {
			isa = PBXFrameworksBuildPhase;
			buildActionMask = 2147483647;
			files = (
				2D089C7E2D566D7D0055D81C /* NetworkExtension.framework in Frameworks */,
				2D09C7092D5903620064FC7A /* SingBox.xcframework in Frameworks */,
				2D089C7F2D566D870055D81C /* Network.framework in Frameworks */,
			);
			runOnlyForDeploymentPostprocessing = 0;
		};
/* End PBXFrameworksBuildPhase section */

/* Begin PBXGroup section */
		2D90FDB12D54C45500846D1C /* Shared */ = {
			isa = PBXGroup;
			children = (
				2D90FDB22D54C49600846D1C /* Constants.swift */,
				2D90FDB52D54C86400846D1C /* ConnectionStats.swift */,
				2D763A032D54E5B100C739A5 /* Logger.swift */,
			);
			path = Shared;
			sourceTree = "<group>";
		};
		2DC278DB2D4B725200406AAA = {
			isa = PBXGroup;
			children = (
				2D90FDB12D54C45500846D1C /* Shared */,
				2DC278E62D4B725200406AAA /* VPN Shiva */,
				2DC279082D4B79EF00406AAA /* VPNTunnelProvider */,
				2DC279052D4B79EF00406AAA /* Frameworks */,
				2DC278E52D4B725200406AAA /* Products */,
			);
			sourceTree = "<group>";
		};
		2DC278E52D4B725200406AAA /* Products */ = {
			isa = PBXGroup;
			children = (
				2DC278E42D4B725200406AAA /* VPN Shiva.app */,
				2DC279042D4B79EF00406AAA /* VPNTunnelProvider.appex */,
			);
			name = Products;
			sourceTree = "<group>";
		};
		2DC279052D4B79EF00406AAA /* Frameworks */ = {
			isa = PBXGroup;
			children = (
				2D09C7072D5903620064FC7A /* SingBox.xcframework */,
				2D089BE32D5663E50055D81C /* Network.framework */,
				2DC279062D4B79EF00406AAA /* NetworkExtension.framework */,
			);
			name = Frameworks;
			sourceTree = "<group>";
		};
/* End PBXGroup section */

/* Begin PBXNativeTarget section */
		2DC278E32D4B725200406AAA /* VPN Shiva */ = {
			isa = PBXNativeTarget;
			buildConfigurationList = 2DC278F22D4B725500406AAA /* Build configuration list for PBXNativeTarget "VPN Shiva" */;
			buildPhases = (
				2DC278E02D4B725200406AAA /* Sources */,
				2DC278E12D4B725200406AAA /* Frameworks */,
				2DC278E22D4B725200406AAA /* Resources */,
				2D089C7A2D566D440055D81C /* Embed Foundation Extensions */,
			);
			buildRules = (
			);
			dependencies = (
				2D089C792D566D440055D81C /* PBXTargetDependency */,
				2D089C7C2D566D500055D81C /* PBXTargetDependency */,
			);
			fileSystemSynchronizedGroups = (
				2DC278E62D4B725200406AAA /* VPN Shiva */,
			);
			name = "VPN Shiva";
			packageProductDependencies = (
			);
			productName = "VPN Shiva";
			productReference = 2DC278E42D4B725200406AAA /* VPN Shiva.app */;
			productType = "com.apple.product-type.application";
		};
		2DC279032D4B79EF00406AAA /* VPNTunnelProvider */ = {
			isa = PBXNativeTarget;
			buildConfigurationList = 2DC279112D4B79EF00406AAA /* Build configuration list for PBXNativeTarget "VPNTunnelProvider" */;
			buildPhases = (
				2DC279002D4B79EF00406AAA /* Sources */,
				2DC279012D4B79EF00406AAA /* Frameworks */,
				2DC279022D4B79EF00406AAA /* Resources */,
			);
			buildRules = (
			);
			dependencies = (
			);
			fileSystemSynchronizedGroups = (
				2DC279082D4B79EF00406AAA /* VPNTunnelProvider */,
			);
			name = VPNTunnelProvider;
			packageProductDependencies = (
			);
			productName = VPNTunnelProvider;
			productReference = 2DC279042D4B79EF00406AAA /* VPNTunnelProvider.appex */;
			productType = "com.apple.product-type.app-extension";
		};
/* End PBXNativeTarget section */

/* Begin PBXProject section */
		2DC278DC2D4B725200406AAA /* Project object */ = {
			isa = PBXProject;
			attributes = {
				BuildIndependentTargetsInParallel = 1;
				LastSwiftUpdateCheck = 1620;
				LastUpgradeCheck = 1620;
				TargetAttributes = {
					2DC278E32D4B725200406AAA = {
						CreatedOnToolsVersion = 16.2;
					};
					2DC279032D4B79EF00406AAA = {
						CreatedOnToolsVersion = 16.2;
					};
				};
			};
			buildConfigurationList = 2DC278DF2D4B725200406AAA /* Build configuration list for PBXProject "VPN Shiva" */;
			developmentRegion = en;
			hasScannedForEncodings = 0;
			knownRegions = (
				en,
				Base,
			);
			mainGroup = 2DC278DB2D4B725200406AAA;
			minimizedProjectReferenceProxies = 1;
			packageReferences = (
			);
			preferredProjectObjectVersion = 77;
			productRefGroup = 2DC278E52D4B725200406AAA /* Products */;
			projectDirPath = "";
			projectRoot = "";
			targets = (
				2DC278E32D4B725200406AAA /* VPN Shiva */,
				2DC279032D4B79EF00406AAA /* VPNTunnelProvider */,
			);
		};
/* End PBXProject section */

/* Begin PBXResourcesBuildPhase section */
		2DC278E22D4B725200406AAA /* Resources */ = {
			isa = PBXResourcesBuildPhase;
			buildActionMask = 2147483647;
			files = (
			);
			runOnlyForDeploymentPostprocessing = 0;
		};
		2DC279022D4B79EF00406AAA /* Resources */ = {
			isa = PBXResourcesBuildPhase;
			buildActionMask = 2147483647;
			files = (
			);
			runOnlyForDeploymentPostprocessing = 0;
		};
/* End PBXResourcesBuildPhase section */

/* Begin PBXSourcesBuildPhase section */
		2DC278E02D4B725200406AAA /* Sources */ = {
			isa = PBXSourcesBuildPhase;
			buildActionMask = 2147483647;
			files = (
				2D90FDB72D54C86400846D1C /* ConnectionStats.swift in Sources */,
				2D90FDB32D54C49600846D1C /* Constants.swift in Sources */,
				2D763A052D54E5B100C739A5 /* Logger.swift in Sources */,
			);
			runOnlyForDeploymentPostprocessing = 0;
		};
		2DC279002D4B79EF00406AAA /* Sources */ = {
			isa = PBXSourcesBuildPhase;
			buildActionMask = 2147483647;
			files = (
				2D90FDB42D54C4DE00846D1C /* Constants.swift in Sources */,
				2D90FDB62D54C86400846D1C /* ConnectionStats.swift in Sources */,
				2D763A042D54E5B100C739A5 /* Logger.swift in Sources */,
			);
			runOnlyForDeploymentPostprocessing = 0;
		};
/* End PBXSourcesBuildPhase section */

/* Begin PBXTargetDependency section */
		2D089C792D566D440055D81C /* PBXTargetDependency */ = {
			isa = PBXTargetDependency;
			target = 2DC279032D4B79EF00406AAA /* VPNTunnelProvider */;
			targetProxy = 2D089C782D566D440055D81C /* PBXContainerItemProxy */;
		};
		2D089C7C2D566D500055D81C /* PBXTargetDependency */ = {
			isa = PBXTargetDependency;
			target = 2DC279032D4B79EF00406AAA /* VPNTunnelProvider */;
			targetProxy = 2D089C7B2D566D500055D81C /* PBXContainerItemProxy */;
		};
/* End PBXTargetDependency section */

/* Begin XCBuildConfiguration section */
		2DC278F02D4B725500406AAA /* Debug */ = {
			isa = XCBuildConfiguration;
			buildSettings = {
				ALWAYS_SEARCH_USER_PATHS = NO;
				ASSETCATALOG_COMPILER_GENERATE_SWIFT_ASSET_SYMBOL_EXTENSIONS = YES;
				CLANG_ANALYZER_NONNULL = YES;
				CLANG_ANALYZER_NUMBER_OBJECT_CONVERSION = YES_AGGRESSIVE;
				CLANG_CXX_LANGUAGE_STANDARD = "gnu++20";
				CLANG_ENABLE_MODULES = YES;
				CLANG_ENABLE_OBJC_ARC = YES;
				CLANG_ENABLE_OBJC_WEAK = YES;
				CLANG_WARN_BLOCK_CAPTURE_AUTORELEASING = YES;
				CLANG_WARN_BOOL_CONVERSION = YES;
				CLANG_WARN_COMMA = YES;
				CLANG_WARN_CONSTANT_CONVERSION = YES;
				CLANG_WARN_DEPRECATED_OBJC_IMPLEMENTATIONS = YES;
				CLANG_WARN_DIRECT_OBJC_ISA_USAGE = YES_ERROR;
				CLANG_WARN_DOCUMENTATION_COMMENTS = YES;
				CLANG_WARN_EMPTY_BODY = YES;
				CLANG_WARN_ENUM_CONVERSION = YES;
				CLANG_WARN_INFINITE_RECURSION = YES;
				CLANG_WARN_INT_CONVERSION = YES;
				CLANG_WARN_NON_LITERAL_NULL_CONVERSION = YES;
				CLANG_WARN_OBJC_IMPLICIT_RETAIN_SELF = YES;
				CLANG_WARN_OBJC_LITERAL_CONVERSION = YES;
				CLANG_WARN_OBJC_ROOT_CLASS = YES_ERROR;
				CLANG_WARN_QUOTED_INCLUDE_IN_FRAMEWORK_HEADER = YES;
				CLANG_WARN_RANGE_LOOP_ANALYSIS = YES;
				CLANG_WARN_STRICT_PROTOTYPES = YES;
				CLANG_WARN_SUSPICIOUS_MOVE = YES;
				CLANG_WARN_UNGUARDED_AVAILABILITY = YES_AGGRESSIVE;
				CLANG_WARN_UNREACHABLE_CODE = YES;
				CLANG_WARN__DUPLICATE_METHOD_MATCH = YES;
				COPY_PHASE_STRIP = NO;
				DEBUG_INFORMATION_FORMAT = dwarf;
				ENABLE_STRICT_OBJC_MSGSEND = YES;
				ENABLE_TESTABILITY = YES;
				ENABLE_USER_SCRIPT_SANDBOXING = YES;
				GCC_C_LANGUAGE_STANDARD = gnu17;
				GCC_DYNAMIC_NO_PIC = NO;
				GCC_NO_COMMON_BLOCKS = YES;
				GCC_OPTIMIZATION_LEVEL = 0;
				GCC_PREPROCESSOR_DEFINITIONS = (
					"DEBUG=1",
					"$(inherited)",
				);
				GCC_WARN_64_TO_32_BIT_CONVERSION = YES;
				GCC_WARN_ABOUT_RETURN_TYPE = YES_ERROR;
				GCC_WARN_UNDECLARED_SELECTOR = YES;
				GCC_WARN_UNINITIALIZED_AUTOS = YES_AGGRESSIVE;
				GCC_WARN_UNUSED_FUNCTION = YES;
				GCC_WARN_UNUSED_VARIABLE = YES;
				IPHONEOS_DEPLOYMENT_TARGET = 18.2;
				LOCALIZATION_PREFERS_STRING_CATALOGS = YES;
				MTL_ENABLE_DEBUG_INFO = INCLUDE_SOURCE;
				MTL_FAST_MATH = YES;
				ONLY_ACTIVE_ARCH = YES;
				SDKROOT = iphoneos;
				SWIFT_ACTIVE_COMPILATION_CONDITIONS = "DEBUG $(inherited)";
				SWIFT_OPTIMIZATION_LEVEL = "-Onone";
			};
			name = Debug;
		};
		2DC278F12D4B725500406AAA /* Release */ = {
			isa = XCBuildConfiguration;
			buildSettings = {
				ALWAYS_SEARCH_USER_PATHS = NO;
				ASSETCATALOG_COMPILER_GENERATE_SWIFT_ASSET_SYMBOL_EXTENSIONS = YES;
				CLANG_ANALYZER_NONNULL = YES;
				CLANG_ANALYZER_NUMBER_OBJECT_CONVERSION = YES_AGGRESSIVE;
				CLANG_CXX_LANGUAGE_STANDARD = "gnu++20";
				CLANG_ENABLE_MODULES = YES;
				CLANG_ENABLE_OBJC_ARC = YES;
				CLANG_ENABLE_OBJC_WEAK = YES;
				CLANG_WARN_BLOCK_CAPTURE_AUTORELEASING = YES;
				CLANG_WARN_BOOL_CONVERSION = YES;
				CLANG_WARN_COMMA = YES;
				CLANG_WARN_CONSTANT_CONVERSION = YES;
				CLANG_WARN_DEPRECATED_OBJC_IMPLEMENTATIONS = YES;
				CLANG_WARN_DIRECT_OBJC_ISA_USAGE = YES_ERROR;
				CLANG_WARN_DOCUMENTATION_COMMENTS = YES;
				CLANG_WARN_EMPTY_BODY = YES;
				CLANG_WARN_ENUM_CONVERSION = YES;
				CLANG_WARN_INFINITE_RECURSION = YES;
				CLANG_WARN_INT_CONVERSION = YES;
				CLANG_WARN_NON_LITERAL_NULL_CONVERSION = YES;
				CLANG_WARN_OBJC_IMPLICIT_RETAIN_SELF = YES;
				CLANG_WARN_OBJC_LITERAL_CONVERSION = YES;
				CLANG_WARN_OBJC_ROOT_CLASS = YES_ERROR;
				CLANG_WARN_QUOTED_INCLUDE_IN_FRAMEWORK_HEADER = YES;
				CLANG_WARN_RANGE_LOOP_ANALYSIS = YES;
				CLANG_WARN_STRICT_PROTOTYPES = YES;
				CLANG_WARN_SUSPICIOUS_MOVE = YES;
				CLANG_WARN_UNGUARDED_AVAILABILITY = YES_AGGRESSIVE;
				CLANG_WARN_UNREACHABLE_CODE = YES;
				CLANG_WARN__DUPLICATE_METHOD_MATCH = YES;
				COPY_PHASE_STRIP = NO;
				DEBUG_INFORMATION_FORMAT = "dwarf-with-dsym";
				ENABLE_NS_ASSERTIONS = NO;
				ENABLE_STRICT_OBJC_MSGSEND = YES;
				ENABLE_USER_SCRIPT_SANDBOXING = YES;
				GCC_C_LANGUAGE_STANDARD = gnu17;
				GCC_NO_COMMON_BLOCKS = YES;
				GCC_WARN_64_TO_32_BIT_CONVERSION = YES;
				GCC_WARN_ABOUT_RETURN_TYPE = YES_ERROR;
				GCC_WARN_UNDECLARED_SELECTOR = YES;
				GCC_WARN_UNINITIALIZED_AUTOS = YES_AGGRESSIVE;
				GCC_WARN_UNUSED_FUNCTION = YES;
				GCC_WARN_UNUSED_VARIABLE = YES;
				IPHONEOS_DEPLOYMENT_TARGET = 18.2;
				LOCALIZATION_PREFERS_STRING_CATALOGS = YES;
				MTL_ENABLE_DEBUG_INFO = NO;
				MTL_FAST_MATH = YES;
				SDKROOT = iphoneos;
				SWIFT_COMPILATION_MODE = wholemodule;
				VALIDATE_PRODUCT = YES;
			};
			name = Release;
		};
		2DC278F32D4B725500406AAA /* Debug */ = {
			isa = XCBuildConfiguration;
			buildSettings = {
				ASSETCATALOG_COMPILER_APPICON_NAME = AppIcon;
				ASSETCATALOG_COMPILER_GLOBAL_ACCENT_COLOR_NAME = AccentColor;
				CODE_SIGN_ENTITLEMENTS = "VPN Shiva/VPN Shiva.entitlements";
				CODE_SIGN_STYLE = Automatic;
				CURRENT_PROJECT_VERSION = 1;
				DEVELOPMENT_ASSET_PATHS = "\"VPN Shiva/Preview Content\"";
				DEVELOPMENT_TEAM = 3565RSK98U;
				ENABLE_PREVIEWS = YES;
				GENERATE_INFOPLIST_FILE = YES;
				INFOPLIST_FILE = "VPN-Shiva-Info.plist";
				INFOPLIST_KEY_LSApplicationCategoryType = "public.app-category.utilities";
				INFOPLIST_KEY_UIApplicationSceneManifest_Generation = YES;
				INFOPLIST_KEY_UIApplicationSupportsIndirectInputEvents = YES;
				INFOPLIST_KEY_UILaunchScreen_Generation = YES;
				INFOPLIST_KEY_UIRequiresFullScreen = YES;
				INFOPLIST_KEY_UISupportedInterfaceOrientations = UIInterfaceOrientationPortrait;
				IPHONEOS_DEPLOYMENT_TARGET = 17.0;
				LD_RUNPATH_SEARCH_PATHS = (
					"$(inherited)",
					"@executable_path/Frameworks",
				);
				MARKETING_VERSION = 1.0;
				PRODUCT_BUNDLE_IDENTIFIER = "com.Anton-Reasin.VPN-Shiva";
				PRODUCT_NAME = "$(TARGET_NAME)";
				SUPPORTED_PLATFORMS = "iphoneos iphonesimulator";
				SUPPORTS_MACCATALYST = NO;
				SUPPORTS_MAC_DESIGNED_FOR_IPHONE_IPAD = YES;
				SUPPORTS_XR_DESIGNED_FOR_IPHONE_IPAD = NO;
				SWIFT_EMIT_LOC_STRINGS = YES;
				SWIFT_VERSION = 5.0;
				TARGETED_DEVICE_FAMILY = "1,2";
			};
			name = Debug;
		};
		2DC278F42D4B725500406AAA /* Release */ = {
			isa = XCBuildConfiguration;
			buildSettings = {
				ASSETCATALOG_COMPILER_APPICON_NAME = AppIcon;
				ASSETCATALOG_COMPILER_GLOBAL_ACCENT_COLOR_NAME = AccentColor;
				CODE_SIGN_ENTITLEMENTS = "VPN Shiva/VPN Shiva.entitlements";
				CODE_SIGN_STYLE = Automatic;
				CURRENT_PROJECT_VERSION = 1;
				DEVELOPMENT_ASSET_PATHS = "\"VPN Shiva/Preview Content\"";
				DEVELOPMENT_TEAM = 3565RSK98U;
				ENABLE_PREVIEWS = YES;
				GENERATE_INFOPLIST_FILE = YES;
				INFOPLIST_FILE = "VPN-Shiva-Info.plist";
				INFOPLIST_KEY_LSApplicationCategoryType = "public.app-category.utilities";
				INFOPLIST_KEY_UIApplicationSceneManifest_Generation = YES;
				INFOPLIST_KEY_UIApplicationSupportsIndirectInputEvents = YES;
				INFOPLIST_KEY_UILaunchScreen_Generation = YES;
				INFOPLIST_KEY_UIRequiresFullScreen = YES;
				INFOPLIST_KEY_UISupportedInterfaceOrientations = UIInterfaceOrientationPortrait;
				IPHONEOS_DEPLOYMENT_TARGET = 17.0;
				LD_RUNPATH_SEARCH_PATHS = (
					"$(inherited)",
					"@executable_path/Frameworks",
				);
				MARKETING_VERSION = 1.0;
				PRODUCT_BUNDLE_IDENTIFIER = "com.Anton-Reasin.VPN-Shiva";
				PRODUCT_NAME = "$(TARGET_NAME)";
				SUPPORTED_PLATFORMS = "iphoneos iphonesimulator";
				SUPPORTS_MACCATALYST = NO;
				SUPPORTS_MAC_DESIGNED_FOR_IPHONE_IPAD = YES;
				SUPPORTS_XR_DESIGNED_FOR_IPHONE_IPAD = NO;
				SWIFT_EMIT_LOC_STRINGS = YES;
				SWIFT_VERSION = 5.0;
				TARGETED_DEVICE_FAMILY = "1,2";
			};
			name = Release;
		};
		2DC279122D4B79EF00406AAA /* Debug */ = {
			isa = XCBuildConfiguration;
			buildSettings = {
				CODE_SIGN_ENTITLEMENTS = VPNTunnelProvider/VPNTunnelProvider.entitlements;
				CODE_SIGN_STYLE = Automatic;
				CURRENT_PROJECT_VERSION = 1;
				DEVELOPMENT_TEAM = 3565RSK98U;
				GENERATE_INFOPLIST_FILE = YES;
				HEADER_SEARCH_PATHS = (
					"$(SRCROOT)/Modules/sing-box/include",
					"$(SRCROOT)/Modules/sing-box/Library",
				);
				INFOPLIST_FILE = VPNTunnelProvider/Info.plist;
				INFOPLIST_KEY_CFBundleDisplayName = VPNTunnelProvider;
				INFOPLIST_KEY_NSHumanReadableCopyright = "";
				IPHONEOS_DEPLOYMENT_TARGET = 17.0;
				LD_RUNPATH_SEARCH_PATHS = (
					"$(inherited)",
					"@executable_path/Frameworks",
					"@executable_path/../../Frameworks",
				);
				MARKETING_VERSION = 1.0;
				PRODUCT_BUNDLE_IDENTIFIER = "com.Anton-Reasin.VPN-Shiva.VPNTunnelProvider";
				PRODUCT_NAME = "$(TARGET_NAME)";
				SKIP_INSTALL = YES;
				SUPPORTED_PLATFORMS = "iphoneos iphonesimulator";
				SUPPORTS_MACCATALYST = NO;
				SUPPORTS_XR_DESIGNED_FOR_IPHONE_IPAD = NO;
				SWIFT_EMIT_LOC_STRINGS = YES;
				SWIFT_INCLUDE_PATHS = "$(SRCROOT)/Modules/sing-box";
				SWIFT_OBJC_BRIDGING_HEADER = "";
				SWIFT_VERSION = 5.0;
				TARGETED_DEVICE_FAMILY = "1,2";
			};
			name = Debug;
		};
		2DC279132D4B79EF00406AAA /* Release */ = {
			isa = XCBuildConfiguration;
			buildSettings = {
				CODE_SIGN_ENTITLEMENTS = VPNTunnelProvider/VPNTunnelProvider.entitlements;
				CODE_SIGN_STYLE = Automatic;
				CURRENT_PROJECT_VERSION = 1;
				DEVELOPMENT_TEAM = 3565RSK98U;
				GENERATE_INFOPLIST_FILE = YES;
				HEADER_SEARCH_PATHS = (
					"$(SRCROOT)/Modules/sing-box/include",
					"$(SRCROOT)/Modules/sing-box/Library",
				);
				INFOPLIST_FILE = VPNTunnelProvider/Info.plist;
				INFOPLIST_KEY_CFBundleDisplayName = VPNTunnelProvider;
				INFOPLIST_KEY_NSHumanReadableCopyright = "";
				IPHONEOS_DEPLOYMENT_TARGET = 17.0;
				LD_RUNPATH_SEARCH_PATHS = (
					"$(inherited)",
					"@executable_path/Frameworks",
					"@executable_path/../../Frameworks",
				);
				MARKETING_VERSION = 1.0;
				PRODUCT_BUNDLE_IDENTIFIER = "com.Anton-Reasin.VPN-Shiva.VPNTunnelProvider";
				PRODUCT_NAME = "$(TARGET_NAME)";
				SKIP_INSTALL = YES;
				SUPPORTED_PLATFORMS = "iphoneos iphonesimulator";
				SUPPORTS_MACCATALYST = NO;
				SUPPORTS_XR_DESIGNED_FOR_IPHONE_IPAD = NO;
				SWIFT_EMIT_LOC_STRINGS = YES;
				SWIFT_INCLUDE_PATHS = "$(SRCROOT)/Modules/sing-box";
				SWIFT_OBJC_BRIDGING_HEADER = "";
				SWIFT_VERSION = 5.0;
				TARGETED_DEVICE_FAMILY = "1,2";
			};
			name = Release;
		};
/* End XCBuildConfiguration section */

/* Begin XCConfigurationList section */
		2DC278DF2D4B725200406AAA /* Build configuration list for PBXProject "VPN Shiva" */ = {
			isa = XCConfigurationList;
			buildConfigurations = (
				2DC278F02D4B725500406AAA /* Debug */,
				2DC278F12D4B725500406AAA /* Release */,
			);
			defaultConfigurationIsVisible = 0;
			defaultConfigurationName = Release;
		};
		2DC278F22D4B725500406AAA /* Build configuration list for PBXNativeTarget "VPN Shiva" */ = {
			isa = XCConfigurationList;
			buildConfigurations = (
				2DC278F32D4B725500406AAA /* Debug */,
				2DC278F42D4B725500406AAA /* Release */,
			);
			defaultConfigurationIsVisible = 0;
			defaultConfigurationName = Release;
		};
		2DC279112D4B79EF00406AAA /* Build configuration list for PBXNativeTarget "VPNTunnelProvider" */ = {
			isa = XCConfigurationList;
			buildConfigurations = (
				2DC279122D4B79EF00406AAA /* Debug */,
				2DC279132D4B79EF00406AAA /* Release */,
			);
			defaultConfigurationIsVisible = 0;
			defaultConfigurationName = Release;
		};
/* End XCConfigurationList section */
	};
	rootObject = 2DC278DC2D4B725200406AAA /* Project object */;
}
